// !$*UTF8*$!
{
	archiveVersion = 1;
	classes = {
	};
	objectVersion = 50;
	objects = {

/* Begin PBXBuildFile section */
		6EFD9D7B2699DF0B00A34BAF /* IAmRichSwiftUIApp.swift in Sources */ = {isa = PBXBuildFile; fileRef = 6EFD9D7A2699DF0B00A34BAF /* IAmRichSwiftUIApp.swift */; };
		6EFD9D7D2699DF0B00A34BAF /* ContentView.swift in Sources */ = {isa = PBXBuildFile; fileRef = 6EFD9D7C2699DF0B00A34BAF /* ContentView.swift */; };
		6EFD9D7F2699DF0C00A34BAF /* Assets.xcassets in Resources */ = {isa = PBXBuildFile; fileRef = 6EFD9D7E2699DF0C00A34BAF /* Assets.xcassets */; };
		6EFD9D822699DF0C00A34BAF /* Preview Assets.xcassets in Resources */ = {isa = PBXBuildFile; fileRef = 6EFD9D812699DF0C00A34BAF /* Preview Assets.xcassets */; };
		6EFD9D8D2699DF0C00A34BAF /* IAmRichSwiftUITests.swift in Sources */ = {isa = PBXBuildFile; fileRef = 6EFD9D8C2699DF0C00A34BAF /* IAmRichSwiftUITests.swift */; };
		6EFD9D982699DF0C00A34BAF /* IAmRichSwiftUIUITests.swift in Sources */ = {isa = PBXBuildFile; fileRef = 6EFD9D972699DF0C00A34BAF /* IAmRichSwiftUIUITests.swift */; };
/* End PBXBuildFile section */

/* Begin PBXContainerItemProxy section */
		6EFD9D892699DF0C00A34BAF /* PBXContainerItemProxy */ = {
			isa = PBXContainerItemProxy;
			containerPortal = 6EFD9D6F2699DF0B00A34BAF /* Project object */;
			proxyType = 1;
			remoteGlobalIDString = 6EFD9D762699DF0B00A34BAF;
			remoteInfo = IAmRichSwiftUI;
		};
		6EFD9D942699DF0C00A34BAF /* PBXContainerItemProxy */ = {
			isa = PBXContainerItemProxy;
			containerPortal = 6EFD9D6F2699DF0B00A34BAF /* Project object */;
			proxyType = 1;
			remoteGlobalIDString = 6EFD9D762699DF0B00A34BAF;
			remoteInfo = IAmRichSwiftUI;
		};
/* End PBXContainerItemProxy section */

/* Begin PBXFileReference section */
		6EFD9D772699DF0B00A34BAF /* IAmRichSwiftUI.app */ = {isa = PBXFileReference; explicitFileType = wrapper.application; includeInIndex = 0; path = IAmRichSwiftUI.app; sourceTree = BUILT_PRODUCTS_DIR; };
		6EFD9D7A2699DF0B00A34BAF /* IAmRichSwiftUIApp.swift */ = {isa = PBXFileReference; lastKnownFileType = sourcecode.swift; path = IAmRichSwiftUIApp.swift; sourceTree = "<group>"; };
		6EFD9D7C2699DF0B00A34BAF /* ContentView.swift */ = {isa = PBXFileReference; lastKnownFileType = sourcecode.swift; path = ContentView.swift; sourceTree = "<group>"; };
		6EFD9D7E2699DF0C00A34BAF /* Assets.xcassets */ = {isa = PBXFileReference; lastKnownFileType = folder.assetcatalog; path = Assets.xcassets; sourceTree = "<group>"; };
		6EFD9D812699DF0C00A34BAF /* Preview Assets.xcassets */ = {isa = PBXFileReference; lastKnownFileType = folder.assetcatalog; path = "Preview Assets.xcassets"; sourceTree = "<group>"; };
		6EFD9D832699DF0C00A34BAF /* Info.plist */ = {isa = PBXFileReference; lastKnownFileType = text.plist.xml; path = Info.plist; sourceTree = "<group>"; };
		6EFD9D882699DF0C00A34BAF /* IAmRichSwiftUITests.xctest */ = {isa = PBXFileReference; explicitFileType = wrapper.cfbundle; includeInIndex = 0; path = IAmRichSwiftUITests.xctest; sourceTree = BUILT_PRODUCTS_DIR; };
		6EFD9D8C2699DF0C00A34BAF /* IAmRichSwiftUITests.swift */ = {isa = PBXFileReference; lastKnownFileType = sourcecode.swift; path = IAmRichSwiftUITests.swift; sourceTree = "<group>"; };
		6EFD9D8E2699DF0C00A34BAF /* Info.plist */ = {isa = PBXFileReference; lastKnownFileType = text.plist.xml; path = Info.plist; sourceTree = "<group>"; };
		6EFD9D932699DF0C00A34BAF /* IAmRichSwiftUIUITests.xctest */ = {isa = PBXFileReference; explicitFileType = wrapper.cfbundle; includeInIndex = 0; path = IAmRichSwiftUIUITests.xctest; sourceTree = BUILT_PRODUCTS_DIR; };
		6EFD9D972699DF0C00A34BAF /* IAmRichSwiftUIUITests.swift */ = {isa = PBXFileReference; lastKnownFileType = sourcecode.swift; path = IAmRichSwiftUIUITests.swift; sourceTree = "<group>"; };
		6EFD9D992699DF0C00A34BAF /* Info.plist */ = {isa = PBXFileReference; lastKnownFileType = text.plist.xml; path = Info.plist; sourceTree = "<group>"; };
/* End PBXFileReference section */

/* Begin PBXFrameworksBuildPhase section */
		6EFD9D742699DF0B00A34BAF /* Frameworks */ = {
			isa = PBXFrameworksBuildPhase;
			buildActionMask = 2147483647;
			files = (
			);
			runOnlyForDeploymentPostprocessing = 0;
		};
		6EFD9D852699DF0C00A34BAF /* Frameworks */ = {
			isa = PBXFrameworksBuildPhase;
			buildActionMask = 2147483647;
			files = (
			);
			runOnlyForDeploymentPostprocessing = 0;
		};
		6EFD9D902699DF0C00A34BAF /* Frameworks */ = {
			isa = PBXFrameworksBuildPhase;
			buildActionMask = 2147483647;
			files = (
			);
			runOnlyForDeploymentPostprocessing = 0;
		};
/* End PBXFrameworksBuildPhase section */

/* Begin PBXGroup section */
		6EFD9D6E2699DF0B00A34BAF = {
			isa = PBXGroup;
			children = (
				6EFD9D792699DF0B00A34BAF /* IAmRichSwiftUI */,
				6EFD9D8B2699DF0C00A34BAF /* IAmRichSwiftUITests */,
				6EFD9D962699DF0C00A34BAF /* IAmRichSwiftUIUITests */,
				6EFD9D782699DF0B00A34BAF /* Products */,
			);
			sourceTree = "<group>";
		};
		6EFD9D782699DF0B00A34BAF /* Products */ = {
			isa = PBXGroup;
			children = (
				6EFD9D772699DF0B00A34BAF /* IAmRichSwiftUI.app */,
				6EFD9D882699DF0C00A34BAF /* IAmRichSwiftUITests.xctest */,
				6EFD9D932699DF0C00A34BAF /* IAmRichSwiftUIUITests.xctest */,
			);
			name = Products;
			sourceTree = "<group>";
		};
		6EFD9D792699DF0B00A34BAF /* IAmRichSwiftUI */ = {
			isa = PBXGroup;
			children = (
				6EFD9D7A2699DF0B00A34BAF /* IAmRichSwiftUIApp.swift */,
				6EFD9D7C2699DF0B00A34BAF /* ContentView.swift */,
				6EFD9D7E2699DF0C00A34BAF /* Assets.xcassets */,
				6EFD9D832699DF0C00A34BAF /* Info.plist */,
				6EFD9D802699DF0C00A34BAF /* Preview Content */,
			);
			path = IAmRichSwiftUI;
			sourceTree = "<group>";
		};
		6EFD9D802699DF0C00A34BAF /* Preview Content */ = {
			isa = PBXGroup;
			children = (
				6EFD9D812699DF0C00A34BAF /* Preview Assets.xcassets */,
			);
			path = "Preview Content";
			sourceTree = "<group>";
		};
		6EFD9D8B2699DF0C00A34BAF /* IAmRichSwiftUITests */ = {
			isa = PBXGroup;
			children = (
				6EFD9D8C2699DF0C00A34BAF /* IAmRichSwiftUITests.swift */,
				6EFD9D8E2699DF0C00A34BAF /* Info.plist */,
			);
			path = IAmRichSwiftUITests;
			sourceTree = "<group>";
		};
		6EFD9D962699DF0C00A34BAF /* IAmRichSwiftUIUITests */ = {
			isa = PBXGroup;
			children = (
				6EFD9D972699DF0C00A34BAF /* IAmRichSwiftUIUITests.swift */,
				6EFD9D992699DF0C00A34BAF /* Info.plist */,
			);
			path = IAmRichSwiftUIUITests;
			sourceTree = "<group>";
		};
/* End PBXGroup section */

/* Begin PBXNativeTarget section */
		6EFD9D762699DF0B00A34BAF /* IAmRichSwiftUI */ = {
			isa = PBXNativeTarget;
			buildConfigurationList = 6EFD9D9C2699DF0C00A34BAF /* Build configuration list for PBXNativeTarget "IAmRichSwiftUI" */;
			buildPhases = (
				6EFD9D732699DF0B00A34BAF /* Sources */,
				6EFD9D742699DF0B00A34BAF /* Frameworks */,
				6EFD9D752699DF0B00A34BAF /* Resources */,
			);
			buildRules = (
			);
			dependencies = (
			);
			name = IAmRichSwiftUI;
			productName = IAmRichSwiftUI;
			productReference = 6EFD9D772699DF0B00A34BAF /* IAmRichSwiftUI.app */;
			productType = "com.apple.product-type.application";
		};
		6EFD9D872699DF0C00A34BAF /* IAmRichSwiftUITests */ = {
			isa = PBXNativeTarget;
			buildConfigurationList = 6EFD9D9F2699DF0C00A34BAF /* Build configuration list for PBXNativeTarget "IAmRichSwiftUITests" */;
			buildPhases = (
				6EFD9D842699DF0C00A34BAF /* Sources */,
				6EFD9D852699DF0C00A34BAF /* Frameworks */,
				6EFD9D862699DF0C00A34BAF /* Resources */,
			);
			buildRules = (
			);
			dependencies = (
				6EFD9D8A2699DF0C00A34BAF /* PBXTargetDependency */,
			);
			name = IAmRichSwiftUITests;
			productName = IAmRichSwiftUITests;
			productReference = 6EFD9D882699DF0C00A34BAF /* IAmRichSwiftUITests.xctest */;
			productType = "com.apple.product-type.bundle.unit-test";
		};
		6EFD9D922699DF0C00A34BAF /* IAmRichSwiftUIUITests */ = {
			isa = PBXNativeTarget;
			buildConfigurationList = 6EFD9DA22699DF0C00A34BAF /* Build configuration list for PBXNativeTarget "IAmRichSwiftUIUITests" */;
			buildPhases = (
				6EFD9D8F2699DF0C00A34BAF /* Sources */,
				6EFD9D902699DF0C00A34BAF /* Frameworks */,
				6EFD9D912699DF0C00A34BAF /* Resources */,
			);
			buildRules = (
			);
			dependencies = (
				6EFD9D952699DF0C00A34BAF /* PBXTargetDependency */,
			);
			name = IAmRichSwiftUIUITests;
			productName = IAmRichSwiftUIUITests;
			productReference = 6EFD9D932699DF0C00A34BAF /* IAmRichSwiftUIUITests.xctest */;
			productType = "com.apple.product-type.bundle.ui-testing";
		};
/* End PBXNativeTarget section */

/* Begin PBXProject section */
		6EFD9D6F2699DF0B00A34BAF /* Project object */ = {
			isa = PBXProject;
			attributes = {
				LastSwiftUpdateCheck = 1250;
				LastUpgradeCheck = 1250;
				TargetAttributes = {
					6EFD9D762699DF0B00A34BAF = {
						CreatedOnToolsVersion = 12.5.1;
					};
					6EFD9D872699DF0C00A34BAF = {
						CreatedOnToolsVersion = 12.5.1;
						TestTargetID = 6EFD9D762699DF0B00A34BAF;
					};
					6EFD9D922699DF0C00A34BAF = {
						CreatedOnToolsVersion = 12.5.1;
						TestTargetID = 6EFD9D762699DF0B00A34BAF;
					};
				};
			};
			buildConfigurationList = 6EFD9D722699DF0B00A34BAF /* Build configuration list for PBXProject "IAmRichSwiftUI" */;
			compatibilityVersion = "Xcode 9.3";
			developmentRegion = en;
			hasScannedForEncodings = 0;
			knownRegions = (
				en,
				Base,
			);
			mainGroup = 6EFD9D6E2699DF0B00A34BAF;
			productRefGroup = 6EFD9D782699DF0B00A34BAF /* Products */;
			projectDirPath = "";
			projectRoot = "";
			targets = (
				6EFD9D762699DF0B00A34BAF /* IAmRichSwiftUI */,
				6EFD9D872699DF0C00A34BAF /* IAmRichSwiftUITests */,
				6EFD9D922699DF0C00A34BAF /* IAmRichSwiftUIUITests */,
			);
		};
/* End PBXProject section */

/* Begin PBXResourcesBuildPhase section */
		6EFD9D752699DF0B00A34BAF /* Resources */ = {
			isa = PBXResourcesBuildPhase;
			buildActionMask = 2147483647;
			files = (
				6EFD9D822699DF0C00A34BAF /* Preview Assets.xcassets in Resources */,
				6EFD9D7F2699DF0C00A34BAF /* Assets.xcassets in Resources */,
			);
			runOnlyForDeploymentPostprocessing = 0;
		};
		6EFD9D862699DF0C00A34BAF /* Resources */ = {
			isa = PBXResourcesBuildPhase;
			buildActionMask = 2147483647;
			files = (
			);
			runOnlyForDeploymentPostprocessing = 0;
		};
		6EFD9D912699DF0C00A34BAF /* Resources */ = {
			isa = PBXResourcesBuildPhase;
			buildActionMask = 2147483647;
			files = (
			);
			runOnlyForDeploymentPostprocessing = 0;
		};
/* End PBXResourcesBuildPhase section */

/* Begin PBXSourcesBuildPhase section */
		6EFD9D732699DF0B00A34BAF /* Sources */ = {
			isa = PBXSourcesBuildPhase;
			buildActionMask = 2147483647;
			files = (
				6EFD9D7D2699DF0B00A34BAF /* ContentView.swift in Sources */,
				6EFD9D7B2699DF0B00A34BAF /* IAmRichSwiftUIApp.swift in Sources */,
			);
			runOnlyForDeploymentPostprocessing = 0;
		};
		6EFD9D842699DF0C00A34BAF /* Sources */ = {
			isa = PBXSourcesBuildPhase;
			buildActionMask = 2147483647;
			files = (
				6EFD9D8D2699DF0C00A34BAF /* IAmRichSwiftUITests.swift in Sources */,
			);
			runOnlyForDeploymentPostprocessing = 0;
		};
		6EFD9D8F2699DF0C00A34BAF /* Sources */ = {
			isa = PBXSourcesBuildPhase;
			buildActionMask = 2147483647;
			files = (
				6EFD9D982699DF0C00A34BAF /* IAmRichSwiftUIUITests.swift in Sources */,
			);
			runOnlyForDeploymentPostprocessing = 0;
		};
/* End PBXSourcesBuildPhase section */

/* Begin PBXTargetDependency section */
		6EFD9D8A2699DF0C00A34BAF /* PBXTargetDependency */ = {
			isa = PBXTargetDependency;
			target = 6EFD9D762699DF0B00A34BAF /* IAmRichSwiftUI */;
			targetProxy = 6EFD9D892699DF0C00A34BAF /* PBXContainerItemProxy */;
		};
		6EFD9D952699DF0C00A34BAF /* PBXTargetDependency */ = {
			isa = PBXTargetDependency;
			target = 6EFD9D762699DF0B00A34BAF /* IAmRichSwiftUI */;
			targetProxy = 6EFD9D942699DF0C00A34BAF /* PBXContainerItemProxy */;
		};
/* End PBXTargetDependency section */

/* Begin XCBuildConfiguration section */
		6EFD9D9A2699DF0C00A34BAF /* Debug */ = {
			isa = XCBuildConfiguration;
			buildSettings = {
				ALWAYS_SEARCH_USER_PATHS = NO;
				CLANG_ANALYZER_NONNULL = YES;
				CLANG_ANALYZER_NUMBER_OBJECT_CONVERSION = YES_AGGRESSIVE;
				CLANG_CXX_LANGUAGE_STANDARD = "gnu++14";
				CLANG_CXX_LIBRARY = "libc++";
				CLANG_ENABLE_MODULES = YES;
				CLANG_ENABLE_OBJC_ARC = YES;
				CLANG_ENABLE_OBJC_WEAK = YES;
				CLANG_WARN_BLOCK_CAPTURE_AUTORELEASING = YES;
				CLANG_WARN_BOOL_CONVERSION = YES;
				CLANG_WARN_COMMA = YES;
				CLANG_WARN_CONSTANT_CONVERSION = YES;
				CLANG_WARN_DEPRECATED_OBJC_IMPLEMENTATIONS = YES;
				CLANG_WARN_DIRECT_OBJC_ISA_USAGE = YES_ERROR;
				CLANG_WARN_DOCUMENTATION_COMMENTS = YES;
				CLANG_WARN_EMPTY_BODY = YES;
				CLANG_WARN_ENUM_CONVERSION = YES;
				CLANG_WARN_INFINITE_RECURSION = YES;
				CLANG_WARN_INT_CONVERSION = YES;
				CLANG_WARN_NON_LITERAL_NULL_CONVERSION = YES;
				CLANG_WARN_OBJC_IMPLICIT_RETAIN_SELF = YES;
				CLANG_WARN_OBJC_LITERAL_CONVERSION = YES;
				CLANG_WARN_OBJC_ROOT_CLASS = YES_ERROR;
				CLANG_WARN_QUOTED_INCLUDE_IN_FRAMEWORK_HEADER = YES;
				CLANG_WARN_RANGE_LOOP_ANALYSIS = YES;
				CLANG_WARN_STRICT_PROTOTYPES = YES;
				CLANG_WARN_SUSPICIOUS_MOVE = YES;
				CLANG_WARN_UNGUARDED_AVAILABILITY = YES_AGGRESSIVE;
				CLANG_WARN_UNREACHABLE_CODE = YES;
				CLANG_WARN__DUPLICATE_METHOD_MATCH = YES;
				COPY_PHASE_STRIP = NO;
				DEBUG_INFORMATION_FORMAT = dwarf;
				ENABLE_STRICT_OBJC_MSGSEND = YES;
				ENABLE_TESTABILITY = YES;
				GCC_C_LANGUAGE_STANDARD = gnu11;
				GCC_DYNAMIC_NO_PIC = NO;
				GCC_NO_COMMON_BLOCKS = YES;
				GCC_OPTIMIZATION_LEVEL = 0;
				GCC_PREPROCESSOR_DEFINITIONS = (
					"DEBUG=1",
					"$(inherited)",
				);
				GCC_WARN_64_TO_32_BIT_CONVERSION = YES;
				GCC_WARN_ABOUT_RETURN_TYPE = YES_ERROR;
				GCC_WARN_UNDECLARED_SELECTOR = YES;
				GCC_WARN_UNINITIALIZED_AUTOS = YES_AGGRESSIVE;
				GCC_WARN_UNUSED_FUNCTION = YES;
				GCC_WARN_UNUSED_VARIABLE = YES;
				IPHONEOS_DEPLOYMENT_TARGET = 14.5;
				MTL_ENABLE_DEBUG_INFO = INCLUDE_SOURCE;
				MTL_FAST_MATH = YES;
				ONLY_ACTIVE_ARCH = YES;
				SDKROOT = iphoneos;
				SWIFT_ACTIVE_COMPILATION_CONDITIONS = DEBUG;
				SWIFT_OPTIMIZATION_LEVEL = "-Onone";
			};
			name = Debug;
		};
		6EFD9D9B2699DF0C00A34BAF /* Release */ = {
			isa = XCBuildConfiguration;
			buildSettings = {
				ALWAYS_SEARCH_USER_PATHS = NO;
				CLANG_ANALYZER_NONNULL = YES;
				CLANG_ANALYZER_NUMBER_OBJECT_CONVERSION = YES_AGGRESSIVE;
				CLANG_CXX_LANGUAGE_STANDARD = "gnu++14";
				CLANG_CXX_LIBRARY = "libc++";
				CLANG_ENABLE_MODULES = YES;
				CLANG_ENABLE_OBJC_ARC = YES;
				CLANG_ENABLE_OBJC_WEAK = YES;
				CLANG_WARN_BLOCK_CAPTURE_AUTORELEASING = YES;
				CLANG_WARN_BOOL_CONVERSION = YES;
				CLANG_WARN_COMMA = YES;
				CLANG_WARN_CONSTANT_CONVERSION = YES;
				CLANG_WARN_DEPRECATED_OBJC_IMPLEMENTATIONS = YES;
				CLANG_WARN_DIRECT_OBJC_ISA_USAGE = YES_ERROR;
				CLANG_WARN_DOCUMENTATION_COMMENTS = YES;
				CLANG_WARN_EMPTY_BODY = YES;
				CLANG_WARN_ENUM_CONVERSION = YES;
				CLANG_WARN_INFINITE_RECURSION = YES;
				CLANG_WARN_INT_CONVERSION = YES;
				CLANG_WARN_NON_LITERAL_NULL_CONVERSION = YES;
				CLANG_WARN_OBJC_IMPLICIT_RETAIN_SELF = YES;
				CLANG_WARN_OBJC_LITERAL_CONVERSION = YES;
				CLANG_WARN_OBJC_ROOT_CLASS = YES_ERROR;
				CLANG_WARN_QUOTED_INCLUDE_IN_FRAMEWORK_HEADER = YES;
				CLANG_WARN_RANGE_LOOP_ANALYSIS = YES;
				CLANG_WARN_STRICT_PROTOTYPES = YES;
				CLANG_WARN_SUSPICIOUS_MOVE = YES;
				CLANG_WARN_UNGUARDED_AVAILABILITY = YES_AGGRESSIVE;
				CLANG_WARN_UNREACHABLE_CODE = YES;
				CLANG_WARN__DUPLICATE_METHOD_MATCH = YES;
				COPY_PHASE_STRIP = NO;
				DEBUG_INFORMATION_FORMAT = "dwarf-with-dsym";
				ENABLE_NS_ASSERTIONS = NO;
				ENABLE_STRICT_OBJC_MSGSEND = YES;
				GCC_C_LANGUAGE_STANDARD = gnu11;
				GCC_NO_COMMON_BLOCKS = YES;
				GCC_WARN_64_TO_32_BIT_CONVERSION = YES;
				GCC_WARN_ABOUT_RETURN_TYPE = YES_ERROR;
				GCC_WARN_UNDECLARED_SELECTOR = YES;
				GCC_WARN_UNINITIALIZED_AUTOS = YES_AGGRESSIVE;
				GCC_WARN_UNUSED_FUNCTION = YES;
				GCC_WARN_UNUSED_VARIABLE = YES;
				IPHONEOS_DEPLOYMENT_TARGET = 14.5;
				MTL_ENABLE_DEBUG_INFO = NO;
				MTL_FAST_MATH = YES;
				SDKROOT = iphoneos;
				SWIFT_COMPILATION_MODE = wholemodule;
				SWIFT_OPTIMIZATION_LEVEL = "-O";
				VALIDATE_PRODUCT = YES;
			};
			name = Release;
		};
		6EFD9D9D2699DF0C00A34BAF /* Debug */ = {
			isa = XCBuildConfiguration;
			buildSettings = {
				ASSETCATALOG_COMPILER_APPICON_NAME = AppIcon;
				ASSETCATALOG_COMPILER_GLOBAL_ACCENT_COLOR_NAME = AccentColor;
				CODE_SIGN_STYLE = Automatic;
				DEVELOPMENT_ASSET_PATHS = "\"IAmRichSwiftUI/Preview Content\"";
				DEVELOPMENT_TEAM = 59KZBU4HUZ;
				ENABLE_PREVIEWS = YES;
				INFOPLIST_FILE = IAmRichSwiftUI/Info.plist;
				IPHONEOS_DEPLOYMENT_TARGET = 14.0;
				LD_RUNPATH_SEARCH_PATHS = (
					"$(inherited)",
					"@executable_path/Frameworks",
				);
				PRODUCT_BUNDLE_IDENTIFIER = com.luthiers.IAmRichSwiftUI;
				PRODUCT_NAME = "$(TARGET_NAME)";
				SWIFT_VERSION = 5.0;
				TARGETED_DEVICE_FAMILY = "1,2";
			};
			name = Debug;
		};
		6EFD9D9E2699DF0C00A34BAF /* Release */ = {
			isa = XCBuildConfiguration;
			buildSettings = {
				ASSETCATALOG_COMPILER_APPICON_NAME = AppIcon;
				ASSETCATALOG_COMPILER_GLOBAL_ACCENT_COLOR_NAME = AccentColor;
				CODE_SIGN_STYLE = Automatic;
				DEVELOPMENT_ASSET_PATHS = "\"IAmRichSwiftUI/Preview Content\"";
				DEVELOPMENT_TEAM = 59KZBU4HUZ;
				ENABLE_PREVIEWS = YES;
				INFOPLIST_FILE = IAmRichSwiftUI/Info.plist;
				IPHONEOS_DEPLOYMENT_TARGET = 14.0;
				LD_RUNPATH_SEARCH_PATHS = (
					"$(inherited)",
					"@executable_path/Frameworks",
				);
				PRODUCT_BUNDLE_IDENTIFIER = com.luthiers.IAmRichSwiftUI;
				PRODUCT_NAME = "$(TARGET_NAME)";
				SWIFT_VERSION = 5.0;
				TARGETED_DEVICE_FAMILY = "1,2";
			};
			name = Release;
		};
		6EFD9DA02699DF0C00A34BAF /* Debug */ = {
			isa = XCBuildConfiguration;
			buildSettings = {
				ALWAYS_EMBED_SWIFT_STANDARD_LIBRARIES = YES;
				BUNDLE_LOADER = "$(TEST_HOST)";
				CODE_SIGN_STYLE = Automatic;
				DEVELOPMENT_TEAM = 59KZBU4HUZ;
				INFOPLIST_FILE = IAmRichSwiftUITests/Info.plist;
				IPHONEOS_DEPLOYMENT_TARGET = 14.0;
				LD_RUNPATH_SEARCH_PATHS = (
					"$(inherited)",
					"@executable_path/Frameworks",
					"@loader_path/Frameworks",
				);
				PRODUCT_BUNDLE_IDENTIFIER = com.luthiers.IAmRichSwiftUITests;
				PRODUCT_NAME = "$(TARGET_NAME)";
				SWIFT_VERSION = 5.0;
				TARGETED_DEVICE_FAMILY = "1,2";
				TEST_HOST = "$(BUILT_PRODUCTS_DIR)/IAmRichSwiftUI.app/IAmRichSwiftUI";
			};
			name = Debug;
		};
		6EFD9DA12699DF0C00A34BAF /* Release */ = {
			isa = XCBuildConfiguration;
			buildSettings = {
				ALWAYS_EMBED_SWIFT_STANDARD_LIBRARIES = YES;
				BUNDLE_LOADER = "$(TEST_HOST)";
				CODE_SIGN_STYLE = Automatic;
				DEVELOPMENT_TEAM = 59KZBU4HUZ;
				INFOPLIST_FILE = IAmRichSwiftUITests/Info.plist;
				IPHONEOS_DEPLOYMENT_TARGET = 14.0;
				LD_RUNPATH_SEARCH_PATHS = (
					"$(inherited)",
					"@executable_path/Frameworks",
					"@loader_path/Frameworks",
				);
				PRODUCT_BUNDLE_IDENTIFIER = com.luthiers.IAmRichSwiftUITests;
				PRODUCT_NAME = "$(TARGET_NAME)";
				SWIFT_VERSION = 5.0;
				TARGETED_DEVICE_FAMILY = "1,2";
				TEST_HOST = "$(BUILT_PRODUCTS_DIR)/IAmRichSwiftUI.app/IAmRichSwiftUI";
			};
			name = Release;
		};
		6EFD9DA32699DF0C00A34BAF /* Debug */ = {
			isa = XCBuildConfiguration;
			buildSettings = {
				ALWAYS_EMBED_SWIFT_STANDARD_LIBRARIES = YES;
				CODE_SIGN_STYLE = Automatic;
				DEVELOPMENT_TEAM = 59KZBU4HUZ;
				INFOPLIST_FILE = IAmRichSwiftUIUITests/Info.plist;
				LD_RUNPATH_SEARCH_PATHS = (
					"$(inherited)",
					"@executable_path/Frameworks",
					"@loader_path/Frameworks",
				);
				PRODUCT_BUNDLE_IDENTIFIER = com.luthiers.IAmRichSwiftUIUITests;
				PRODUCT_NAME = "$(TARGET_NAME)";
				SWIFT_VERSION = 5.0;
				TARGETED_DEVICE_FAMILY = "1,2";
				TEST_TARGET_NAME = IAmRichSwiftUI;
			};
			name = Debug;
		};
		6EFD9DA42699DF0C00A34BAF /* Release */ = {
			isa = XCBuildConfiguration;
			buildSettings = {
				ALWAYS_EMBED_SWIFT_STANDARD_LIBRARIES = YES;
				CODE_SIGN_STYLE = Automatic;
				DEVELOPMENT_TEAM = 59KZBU4HUZ;
				INFOPLIST_FILE = IAmRichSwiftUIUITests/Info.plist;
				LD_RUNPATH_SEARCH_PATHS = (
					"$(inherited)",
					"@executable_path/Frameworks",
					"@loader_path/Frameworks",
				);
				PRODUCT_BUNDLE_IDENTIFIER = com.luthiers.IAmRichSwiftUIUITests;
				PRODUCT_NAME = "$(TARGET_NAME)";
				SWIFT_VERSION = 5.0;
				TARGETED_DEVICE_FAMILY = "1,2";
				TEST_TARGET_NAME = IAmRichSwiftUI;
			};
			name = Release;
		};
/* End XCBuildConfiguration section */

/* Begin XCConfigurationList section */
		6EFD9D722699DF0B00A34BAF /* Build configuration list for PBXProject "IAmRichSwiftUI" */ = {
			isa = XCConfigurationList;
			buildConfigurations = (
				6EFD9D9A2699DF0C00A34BAF /* Debug */,
				6EFD9D9B2699DF0C00A34BAF /* Release */,
			);
			defaultConfigurationIsVisible = 0;
			defaultConfigurationName = Release;
		};
		6EFD9D9C2699DF0C00A34BAF /* Build configuration list for PBXNativeTarget "IAmRichSwiftUI" */ = {
			isa = XCConfigurationList;
			buildConfigurations = (
				6EFD9D9D2699DF0C00A34BAF /* Debug */,
				6EFD9D9E2699DF0C00A34BAF /* Release */,
			);
			defaultConfigurationIsVisible = 0;
			defaultConfigurationName = Release;
		};
		6EFD9D9F2699DF0C00A34BAF /* Build configuration list for PBXNativeTarget "IAmRichSwiftUITests" */ = {
			isa = XCConfigurationList;
			buildConfigurations = (
				6EFD9DA02699DF0C00A34BAF /* Debug */,
				6EFD9DA12699DF0C00A34BAF /* Release */,
			);
			defaultConfigurationIsVisible = 0;
			defaultConfigurationName = Release;
		};
		6EFD9DA22699DF0C00A34BAF /* Build configuration list for PBXNativeTarget "IAmRichSwiftUIUITests" */ = {
			isa = XCConfigurationList;
			buildConfigurations = (
				6EFD9DA32699DF0C00A34BAF /* Debug */,
				6EFD9DA42699DF0C00A34BAF /* Release */,
			);
			defaultConfigurationIsVisible = 0;
			defaultConfigurationName = Release;
		};
/* End XCConfigurationList section */
	};
	rootObject = 6EFD9D6F2699DF0B00A34BAF /* Project object */;
}
